// !$*UTF8*$!
{
	archiveVersion = 1;
	classes = {
	};
	objectVersion = 50;
	objects = {

/* Begin PBXBuildFile section */
		A9B5F5D825D4070300E296AC /* OffspringApp.swift in Sources */ = {isa = PBXBuildFile; fileRef = A9B5F5D725D4070300E296AC /* OffspringApp.swift */; };
		A9B5F5DA25D4070300E296AC /* ContentView.swift in Sources */ = {isa = PBXBuildFile; fileRef = A9B5F5D925D4070300E296AC /* ContentView.swift */; };
		A9B5F5DC25D4070400E296AC /* Assets.xcassets in Resources */ = {isa = PBXBuildFile; fileRef = A9B5F5DB25D4070400E296AC /* Assets.xcassets */; };
		A9B5F5DF25D4070400E296AC /* Preview Assets.xcassets in Resources */ = {isa = PBXBuildFile; fileRef = A9B5F5DE25D4070400E296AC /* Preview Assets.xcassets */; };
		A9EF558425D4123600EB6B64 /* CloudKit.framework in Frameworks */ = {isa = PBXBuildFile; fileRef = A9EF558325D4123600EB6B64 /* CloudKit.framework */; };
		A9EF558B25D4196A00EB6B64 /* Model.xcdatamodeld in Sources */ = {isa = PBXBuildFile; fileRef = A9EF558925D4196A00EB6B64 /* Model.xcdatamodeld */; };
		A9EF558E25D41B4F00EB6B64 /* CoreDataManager.swift in Sources */ = {isa = PBXBuildFile; fileRef = A9EF558D25D41B4F00EB6B64 /* CoreDataManager.swift */; };
/* End PBXBuildFile section */

/* Begin PBXFileReference section */
		A9B5F5D425D4070300E296AC /* Offspring.app */ = {isa = PBXFileReference; explicitFileType = wrapper.application; includeInIndex = 0; path = Offspring.app; sourceTree = BUILT_PRODUCTS_DIR; };
		A9B5F5D725D4070300E296AC /* OffspringApp.swift */ = {isa = PBXFileReference; lastKnownFileType = sourcecode.swift; path = OffspringApp.swift; sourceTree = "<group>"; };
		A9B5F5D925D4070300E296AC /* ContentView.swift */ = {isa = PBXFileReference; lastKnownFileType = sourcecode.swift; path = ContentView.swift; sourceTree = "<group>"; };
		A9B5F5DB25D4070400E296AC /* Assets.xcassets */ = {isa = PBXFileReference; lastKnownFileType = folder.assetcatalog; path = Assets.xcassets; sourceTree = "<group>"; };
		A9B5F5DE25D4070400E296AC /* Preview Assets.xcassets */ = {isa = PBXFileReference; lastKnownFileType = folder.assetcatalog; path = "Preview Assets.xcassets"; sourceTree = "<group>"; };
		A9B5F5E025D4070400E296AC /* Info.plist */ = {isa = PBXFileReference; lastKnownFileType = text.plist.xml; path = Info.plist; sourceTree = "<group>"; };
		A9EF558025D40AF600EB6B64 /* Offspring.entitlements */ = {isa = PBXFileReference; lastKnownFileType = text.plist.entitlements; path = Offspring.entitlements; sourceTree = "<group>"; };
		A9EF558325D4123600EB6B64 /* CloudKit.framework */ = {isa = PBXFileReference; lastKnownFileType = wrapper.framework; name = CloudKit.framework; path = System/Library/Frameworks/CloudKit.framework; sourceTree = SDKROOT; };
		A9EF558A25D4196A00EB6B64 /* Model.xcdatamodel */ = {isa = PBXFileReference; lastKnownFileType = wrapper.xcdatamodel; path = Model.xcdatamodel; sourceTree = "<group>"; };
		A9EF558D25D41B4F00EB6B64 /* CoreDataManager.swift */ = {isa = PBXFileReference; lastKnownFileType = sourcecode.swift; path = CoreDataManager.swift; sourceTree = "<group>"; };
/* End PBXFileReference section */

/* Begin PBXFrameworksBuildPhase section */
		A9B5F5D125D4070300E296AC /* Frameworks */ = {
			isa = PBXFrameworksBuildPhase;
			buildActionMask = 2147483647;
			files = (
				A9EF558425D4123600EB6B64 /* CloudKit.framework in Frameworks */,
			);
			runOnlyForDeploymentPostprocessing = 0;
		};
/* End PBXFrameworksBuildPhase section */

/* Begin PBXGroup section */
		A9B5F5CB25D4070300E296AC = {
			isa = PBXGroup;
			children = (
				A9B5F5D625D4070300E296AC /* Offspring */,
				A9B5F5D525D4070300E296AC /* Products */,
				A9EF558225D4123600EB6B64 /* Frameworks */,
			);
			sourceTree = "<group>";
		};
		A9B5F5D525D4070300E296AC /* Products */ = {
			isa = PBXGroup;
			children = (
				A9B5F5D425D4070300E296AC /* Offspring.app */,
			);
			name = Products;
			sourceTree = "<group>";
		};
		A9B5F5D625D4070300E296AC /* Offspring */ = {
			isa = PBXGroup;
			children = (
				A9B5F5E025D4070400E296AC /* Info.plist */,
				A9EF558025D40AF600EB6B64 /* Offspring.entitlements */,
				A9EF558525D4190A00EB6B64 /* Core */,
				A9EF558825D4192200EB6B64 /* Models */,
				A9EF558725D4191D00EB6B64 /* Views */,
				A9EF558625D4191500EB6B64 /* Managers */,
				A9B5F5DD25D4070400E296AC /* Preview Content */,
			);
			path = Offspring;
			sourceTree = "<group>";
		};
		A9B5F5DD25D4070400E296AC /* Preview Content */ = {
			isa = PBXGroup;
			children = (
				A9B5F5DE25D4070400E296AC /* Preview Assets.xcassets */,
			);
			path = "Preview Content";
			sourceTree = "<group>";
		};
		A9EF558225D4123600EB6B64 /* Frameworks */ = {
			isa = PBXGroup;
			children = (
				A9EF558325D4123600EB6B64 /* CloudKit.framework */,
			);
			name = Frameworks;
			sourceTree = "<group>";
		};
		A9EF558525D4190A00EB6B64 /* Core */ = {
			isa = PBXGroup;
			children = (
				A9B5F5D725D4070300E296AC /* OffspringApp.swift */,
				A9B5F5DB25D4070400E296AC /* Assets.xcassets */,
			);
			path = Core;
			sourceTree = "<group>";
		};
		A9EF558625D4191500EB6B64 /* Managers */ = {
			isa = PBXGroup;
			children = (
				A9EF558D25D41B4F00EB6B64 /* CoreDataManager.swift */,
			);
			path = Managers;
			sourceTree = "<group>";
		};
		A9EF558725D4191D00EB6B64 /* Views */ = {
			isa = PBXGroup;
			children = (
				A9B5F5D925D4070300E296AC /* ContentView.swift */,
			);
			path = Views;
			sourceTree = "<group>";
		};
		A9EF558825D4192200EB6B64 /* Models */ = {
			isa = PBXGroup;
			children = (
				A9EF558925D4196A00EB6B64 /* Model.xcdatamodeld */,
			);
			path = Models;
			sourceTree = "<group>";
		};
/* End PBXGroup section */

/* Begin PBXNativeTarget section */
		A9B5F5D325D4070300E296AC /* Offspring */ = {
			isa = PBXNativeTarget;
			buildConfigurationList = A9B5F5E325D4070400E296AC /* Build configuration list for PBXNativeTarget "Offspring" */;
			buildPhases = (
				A9B5F5D025D4070300E296AC /* Sources */,
				A9B5F5D125D4070300E296AC /* Frameworks */,
				A9B5F5D225D4070300E296AC /* Resources */,
			);
			buildRules = (
			);
			dependencies = (
			);
			name = Offspring;
			productName = Offspring;
			productReference = A9B5F5D425D4070300E296AC /* Offspring.app */;
			productType = "com.apple.product-type.application";
		};
/* End PBXNativeTarget section */

/* Begin PBXProject section */
		A9B5F5CC25D4070300E296AC /* Project object */ = {
			isa = PBXProject;
			attributes = {
				LastSwiftUpdateCheck = 1240;
				LastUpgradeCheck = 1240;
				TargetAttributes = {
					A9B5F5D325D4070300E296AC = {
						CreatedOnToolsVersion = 12.4;
					};
				};
			};
			buildConfigurationList = A9B5F5CF25D4070300E296AC /* Build configuration list for PBXProject "Offspring" */;
			compatibilityVersion = "Xcode 9.3";
			developmentRegion = en;
			hasScannedForEncodings = 0;
			knownRegions = (
				en,
				Base,
			);
			mainGroup = A9B5F5CB25D4070300E296AC;
			productRefGroup = A9B5F5D525D4070300E296AC /* Products */;
			projectDirPath = "";
			projectRoot = "";
			targets = (
				A9B5F5D325D4070300E296AC /* Offspring */,
			);
		};
/* End PBXProject section */

/* Begin PBXResourcesBuildPhase section */
		A9B5F5D225D4070300E296AC /* Resources */ = {
			isa = PBXResourcesBuildPhase;
			buildActionMask = 2147483647;
			files = (
				A9B5F5DF25D4070400E296AC /* Preview Assets.xcassets in Resources */,
				A9B5F5DC25D4070400E296AC /* Assets.xcassets in Resources */,
			);
			runOnlyForDeploymentPostprocessing = 0;
		};
/* End PBXResourcesBuildPhase section */

/* Begin PBXSourcesBuildPhase section */
		A9B5F5D025D4070300E296AC /* Sources */ = {
			isa = PBXSourcesBuildPhase;
			buildActionMask = 2147483647;
			files = (
				A9B5F5DA25D4070300E296AC /* ContentView.swift in Sources */,
				A9EF558E25D41B4F00EB6B64 /* CoreDataManager.swift in Sources */,
				A9B5F5D825D4070300E296AC /* OffspringApp.swift in Sources */,
				A9EF558B25D4196A00EB6B64 /* Model.xcdatamodeld in Sources */,
			);
			runOnlyForDeploymentPostprocessing = 0;
		};
/* End PBXSourcesBuildPhase section */

/* Begin XCBuildConfiguration section */
		A9B5F5E125D4070400E296AC /* Debug */ = {
			isa = XCBuildConfiguration;
			buildSettings = {
				ALWAYS_SEARCH_USER_PATHS = NO;
				CLANG_ANALYZER_NONNULL = YES;
				CLANG_ANALYZER_NUMBER_OBJECT_CONVERSION = YES_AGGRESSIVE;
				CLANG_CXX_LANGUAGE_STANDARD = "gnu++14";
				CLANG_CXX_LIBRARY = "libc++";
				CLANG_ENABLE_MODULES = YES;
				CLANG_ENABLE_OBJC_ARC = YES;
				CLANG_ENABLE_OBJC_WEAK = YES;
				CLANG_WARN_BLOCK_CAPTURE_AUTORELEASING = YES;
				CLANG_WARN_BOOL_CONVERSION = YES;
				CLANG_WARN_COMMA = YES;
				CLANG_WARN_CONSTANT_CONVERSION = YES;
				CLANG_WARN_DEPRECATED_OBJC_IMPLEMENTATIONS = YES;
				CLANG_WARN_DIRECT_OBJC_ISA_USAGE = YES_ERROR;
				CLANG_WARN_DOCUMENTATION_COMMENTS = YES;
				CLANG_WARN_EMPTY_BODY = YES;
				CLANG_WARN_ENUM_CONVERSION = YES;
				CLANG_WARN_INFINITE_RECURSION = YES;
				CLANG_WARN_INT_CONVERSION = YES;
				CLANG_WARN_NON_LITERAL_NULL_CONVERSION = YES;
				CLANG_WARN_OBJC_IMPLICIT_RETAIN_SELF = YES;
				CLANG_WARN_OBJC_LITERAL_CONVERSION = YES;
				CLANG_WARN_OBJC_ROOT_CLASS = YES_ERROR;
				CLANG_WARN_QUOTED_INCLUDE_IN_FRAMEWORK_HEADER = YES;
				CLANG_WARN_RANGE_LOOP_ANALYSIS = YES;
				CLANG_WARN_STRICT_PROTOTYPES = YES;
				CLANG_WARN_SUSPICIOUS_MOVE = YES;
				CLANG_WARN_UNGUARDED_AVAILABILITY = YES_AGGRESSIVE;
				CLANG_WARN_UNREACHABLE_CODE = YES;
				CLANG_WARN__DUPLICATE_METHOD_MATCH = YES;
				COPY_PHASE_STRIP = NO;
				DEBUG_INFORMATION_FORMAT = dwarf;
				ENABLE_STRICT_OBJC_MSGSEND = YES;
				ENABLE_TESTABILITY = YES;
				GCC_C_LANGUAGE_STANDARD = gnu11;
				GCC_DYNAMIC_NO_PIC = NO;
				GCC_NO_COMMON_BLOCKS = YES;
				GCC_OPTIMIZATION_LEVEL = 0;
				GCC_PREPROCESSOR_DEFINITIONS = (
					"DEBUG=1",
					"$(inherited)",
				);
				GCC_WARN_64_TO_32_BIT_CONVERSION = YES;
				GCC_WARN_ABOUT_RETURN_TYPE = YES_ERROR;
				GCC_WARN_UNDECLARED_SELECTOR = YES;
				GCC_WARN_UNINITIALIZED_AUTOS = YES_AGGRESSIVE;
				GCC_WARN_UNUSED_FUNCTION = YES;
				GCC_WARN_UNUSED_VARIABLE = YES;
				IPHONEOS_DEPLOYMENT_TARGET = 14.4;
				MTL_ENABLE_DEBUG_INFO = INCLUDE_SOURCE;
				MTL_FAST_MATH = YES;
				ONLY_ACTIVE_ARCH = YES;
				SDKROOT = iphoneos;
				SWIFT_ACTIVE_COMPILATION_CONDITIONS = DEBUG;
				SWIFT_OPTIMIZATION_LEVEL = "-Onone";
			};
			name = Debug;
		};
		A9B5F5E225D4070400E296AC /* Release */ = {
			isa = XCBuildConfiguration;
			buildSettings = {
				ALWAYS_SEARCH_USER_PATHS = NO;
				CLANG_ANALYZER_NONNULL = YES;
				CLANG_ANALYZER_NUMBER_OBJECT_CONVERSION = YES_AGGRESSIVE;
				CLANG_CXX_LANGUAGE_STANDARD = "gnu++14";
				CLANG_CXX_LIBRARY = "libc++";
				CLANG_ENABLE_MODULES = YES;
				CLANG_ENABLE_OBJC_ARC = YES;
				CLANG_ENABLE_OBJC_WEAK = YES;
				CLANG_WARN_BLOCK_CAPTURE_AUTORELEASING = YES;
				CLANG_WARN_BOOL_CONVERSION = YES;
				CLANG_WARN_COMMA = YES;
				CLANG_WARN_CONSTANT_CONVERSION = YES;
				CLANG_WARN_DEPRECATED_OBJC_IMPLEMENTATIONS = YES;
				CLANG_WARN_DIRECT_OBJC_ISA_USAGE = YES_ERROR;
				CLANG_WARN_DOCUMENTATION_COMMENTS = YES;
				CLANG_WARN_EMPTY_BODY = YES;
				CLANG_WARN_ENUM_CONVERSION = YES;
				CLANG_WARN_INFINITE_RECURSION = YES;
				CLANG_WARN_INT_CONVERSION = YES;
				CLANG_WARN_NON_LITERAL_NULL_CONVERSION = YES;
				CLANG_WARN_OBJC_IMPLICIT_RETAIN_SELF = YES;
				CLANG_WARN_OBJC_LITERAL_CONVERSION = YES;
				CLANG_WARN_OBJC_ROOT_CLASS = YES_ERROR;
				CLANG_WARN_QUOTED_INCLUDE_IN_FRAMEWORK_HEADER = YES;
				CLANG_WARN_RANGE_LOOP_ANALYSIS = YES;
				CLANG_WARN_STRICT_PROTOTYPES = YES;
				CLANG_WARN_SUSPICIOUS_MOVE = YES;
				CLANG_WARN_UNGUARDED_AVAILABILITY = YES_AGGRESSIVE;
				CLANG_WARN_UNREACHABLE_CODE = YES;
				CLANG_WARN__DUPLICATE_METHOD_MATCH = YES;
				COPY_PHASE_STRIP = NO;
				DEBUG_INFORMATION_FORMAT = "dwarf-with-dsym";
				ENABLE_NS_ASSERTIONS = NO;
				ENABLE_STRICT_OBJC_MSGSEND = YES;
				GCC_C_LANGUAGE_STANDARD = gnu11;
				GCC_NO_COMMON_BLOCKS = YES;
				GCC_WARN_64_TO_32_BIT_CONVERSION = YES;
				GCC_WARN_ABOUT_RETURN_TYPE = YES_ERROR;
				GCC_WARN_UNDECLARED_SELECTOR = YES;
				GCC_WARN_UNINITIALIZED_AUTOS = YES_AGGRESSIVE;
				GCC_WARN_UNUSED_FUNCTION = YES;
				GCC_WARN_UNUSED_VARIABLE = YES;
				IPHONEOS_DEPLOYMENT_TARGET = 14.4;
				MTL_ENABLE_DEBUG_INFO = NO;
				MTL_FAST_MATH = YES;
				SDKROOT = iphoneos;
				SWIFT_COMPILATION_MODE = wholemodule;
				SWIFT_OPTIMIZATION_LEVEL = "-O";
				VALIDATE_PRODUCT = YES;
			};
			name = Release;
		};
		A9B5F5E425D4070400E296AC /* Debug */ = {
			isa = XCBuildConfiguration;
			buildSettings = {
				ASSETCATALOG_COMPILER_APPICON_NAME = AppIcon;
				ASSETCATALOG_COMPILER_GLOBAL_ACCENT_COLOR_NAME = AccentColor;
				CODE_SIGN_ENTITLEMENTS = Offspring/Offspring.entitlements;
				CODE_SIGN_STYLE = Automatic;
				DEVELOPMENT_ASSET_PATHS = "\"Offspring/Preview Content\"";
				DEVELOPMENT_TEAM = J6629W43ZE;
				ENABLE_PREVIEWS = YES;
				INFOPLIST_FILE = Offspring/Info.plist;
				IPHONEOS_DEPLOYMENT_TARGET = 14.0;
				LD_RUNPATH_SEARCH_PATHS = (
					"$(inherited)",
					"@executable_path/Frameworks",
				);
				PRODUCT_BUNDLE_IDENTIFIER = com.qukio.offspring;
				PRODUCT_NAME = "$(TARGET_NAME)";
				SWIFT_VERSION = 5.0;
				TARGETED_DEVICE_FAMILY = "1,2";
			};
			name = Debug;
		};
		A9B5F5E525D4070400E296AC /* Release */ = {
			isa = XCBuildConfiguration;
			buildSettings = {
				ASSETCATALOG_COMPILER_APPICON_NAME = AppIcon;
				ASSETCATALOG_COMPILER_GLOBAL_ACCENT_COLOR_NAME = AccentColor;
				CODE_SIGN_ENTITLEMENTS = Offspring/Offspring.entitlements;
				CODE_SIGN_STYLE = Automatic;
				DEVELOPMENT_ASSET_PATHS = "\"Offspring/Preview Content\"";
				DEVELOPMENT_TEAM = J6629W43ZE;
				ENABLE_PREVIEWS = YES;
				INFOPLIST_FILE = Offspring/Info.plist;
				IPHONEOS_DEPLOYMENT_TARGET = 14.0;
				LD_RUNPATH_SEARCH_PATHS = (
					"$(inherited)",
					"@executable_path/Frameworks",
				);
				PRODUCT_BUNDLE_IDENTIFIER = com.qukio.offspring;
				PRODUCT_NAME = "$(TARGET_NAME)";
				SWIFT_VERSION = 5.0;
				TARGETED_DEVICE_FAMILY = "1,2";
			};
			name = Release;
		};
/* End XCBuildConfiguration section */

/* Begin XCConfigurationList section */
		A9B5F5CF25D4070300E296AC /* Build configuration list for PBXProject "Offspring" */ = {
			isa = XCConfigurationList;
			buildConfigurations = (
				A9B5F5E125D4070400E296AC /* Debug */,
				A9B5F5E225D4070400E296AC /* Release */,
			);
			defaultConfigurationIsVisible = 0;
			defaultConfigurationName = Release;
		};
		A9B5F5E325D4070400E296AC /* Build configuration list for PBXNativeTarget "Offspring" */ = {
			isa = XCConfigurationList;
			buildConfigurations = (
				A9B5F5E425D4070400E296AC /* Debug */,
				A9B5F5E525D4070400E296AC /* Release */,
			);
			defaultConfigurationIsVisible = 0;
			defaultConfigurationName = Release;
		};
/* End XCConfigurationList section */

/* Begin XCVersionGroup section */
		A9EF558925D4196A00EB6B64 /* Model.xcdatamodeld */ = {
			isa = XCVersionGroup;
			children = (
				A9EF558A25D4196A00EB6B64 /* Model.xcdatamodel */,
			);
			currentVersion = A9EF558A25D4196A00EB6B64 /* Model.xcdatamodel */;
			path = Model.xcdatamodeld;
			sourceTree = "<group>";
			versionGroupType = wrapper.xcdatamodel;
		};
/* End XCVersionGroup section */
	};
	rootObject = A9B5F5CC25D4070300E296AC /* Project object */;
}
